Microsoft Visual Studio Solution File, Format Version 12.00
# Visual Studio 15
VisualStudioVersion = 15.0.28307.329
MinimumVisualStudioVersion = 10.0.40219.1
Project("{9A19103F-16F7-4668-BE54-9A1E7A4F7556}") = "ProductApi", "ProductApi\ProductApi.csproj", "{B7FFB3CC-DB95-42EA-AC8F-B65AE5012E65}"
EndProject
Project("{9A19103F-16F7-4668-BE54-9A1E7A4F7556}") = "OrderApi", "OrderApi\OrderApi.csproj", "{49B688E9-31B4-4F04-96FF-34032E70CF54}"
EndProject
Project("{9A19103F-16F7-4668-BE54-9A1E7A4F7556}") = "SharedModels", "SharedModels\SharedModels.csproj", "{B2C30F68-56FB-4115-8D6E-76208D028B5F}"
EndProject
Project("{9A19103F-16F7-4668-BE54-9A1E7A4F7556}") = "CustomerApi", "CustomerApi\CustomerApi.csproj", "{6EF8AAC7-3E18-4F14-977C-FEF7241A894D}"
EndProject
Project("{E53339B2-1760-4266-BCC7-CA923CBCF16C}") = "docker-compose", "docker-compose.dcproj", "{02C538B1-01B7-48DD-82A0-0256CADE6609}"
EndProject
Global
	GlobalSection(SolutionConfigurationPlatforms) = preSolution
		Debug|Any CPU = Debug|Any CPU
		Release|Any CPU = Release|Any CPU
	EndGlobalSection
	GlobalSection(ProjectConfigurationPlatforms) = postSolution
		{B7FFB3CC-DB95-42EA-AC8F-B65AE5012E65}.Debug|Any CPU.ActiveCfg = Debug|Any CPU
		{B7FFB3CC-DB95-42EA-AC8F-B65AE5012E65}.Debug|Any CPU.Build.0 = Debug|Any CPU
		{B7FFB3CC-DB95-42EA-AC8F-B65AE5012E65}.Release|Any CPU.ActiveCfg = Release|Any CPU
		{B7FFB3CC-DB95-42EA-AC8F-B65AE5012E65}.Release|Any CPU.Build.0 = Release|Any CPU
		{49B688E9-31B4-4F04-96FF-34032E70CF54}.Debug|Any CPU.ActiveCfg = Debug|Any CPU
		{49B688E9-31B4-4F04-96FF-34032E70CF54}.Debug|Any CPU.Build.0 = Debug|Any CPU
		{49B688E9-31B4-4F04-96FF-34032E70CF54}.Release|Any CPU.ActiveCfg = Release|Any CPU
		{49B688E9-31B4-4F04-96FF-34032E70CF54}.Release|Any CPU.Build.0 = Release|Any CPU
		{B2C30F68-56FB-4115-8D6E-76208D028B5F}.Debug|Any CPU.ActiveCfg = Debug|Any CPU
		{B2C30F68-56FB-4115-8D6E-76208D028B5F}.Debug|Any CPU.Build.0 = Debug|Any CPU
		{B2C30F68-56FB-4115-8D6E-76208D028B5F}.Release|Any CPU.ActiveCfg = Release|Any CPU
		{B2C30F68-56FB-4115-8D6E-76208D028B5F}.Release|Any CPU.Build.0 = Release|Any CPU
		{6EF8AAC7-3E18-4F14-977C-FEF7241A894D}.Debug|Any CPU.ActiveCfg = Debug|Any CPU
		{6EF8AAC7-3E18-4F14-977C-FEF7241A894D}.Debug|Any CPU.Build.0 = Debug|Any CPU
		{6EF8AAC7-3E18-4F14-977C-FEF7241A894D}.Release|Any CPU.ActiveCfg = Release|Any CPU
		{6EF8AAC7-3E18-4F14-977C-FEF7241A894D}.Release|Any CPU.Build.0 = Release|Any CPU
		{02C538B1-01B7-48DD-82A0-0256CADE6609}.Debug|Any CPU.ActiveCfg = Debug|Any CPU
		{02C538B1-01B7-48DD-82A0-0256CADE6609}.Debug|Any CPU.Build.0 = Debug|Any CPU
		{02C538B1-01B7-48DD-82A0-0256CADE6609}.Release|Any CPU.ActiveCfg = Release|Any CPU
		{02C538B1-01B7-48DD-82A0-0256CADE6609}.Release|Any CPU.Build.0 = Release|Any CPU
	EndGlobalSection
	GlobalSection(SolutionProperties) = preSolution
		HideSolutionNode = FALSE
	EndGlobalSection
	GlobalSection(ExtensibilityGlobals) = postSolution
		SolutionGuid = {9603CCD7-8D59-4F5E-ABFB-3A5E6A92E89A}
	EndGlobalSection
EndGlobal
